
Microsoft Visual Studio Solution File, Format Version 12.00
# Visual Studio Version 17
VisualStudioVersion = 17.5.33502.453
MinimumVisualStudioVersion = 10.0.40219.1
Project("{2150E333-8FDC-42A3-9474-1A3956D46DE8}") = "Internal", "Internal", "{B2451F0D-3120-4FA3-A560-8761694C9812}"
	ProjectSection(SolutionItems) = preProject
		Internal\.editorconfig = Internal\.editorconfig
	EndProjectSection
EndProject
Project("{2150E333-8FDC-42A3-9474-1A3956D46DE8}") = "Scripts", "Scripts", "{AA2F31CF-5E42-4089-A612-52C1602018E5}"
EndProject
Project("{2150E333-8FDC-42A3-9474-1A3956D46DE8}") = "Dlls", "Dlls", "{058A7403-5219-4BF4-9316-FC0393181C21}"
	ProjectSection(SolutionItems) = preProject
		Dlls\ABOUT.md = Dlls\ABOUT.md
	EndProjectSection
EndProject
Project("{2150E333-8FDC-42A3-9474-1A3956D46DE8}") = "CompanionFiles", "CompanionFiles", "{E69AD7D5-DF80-4557-8C28-68967F201725}"
EndProject
Project("{2150E333-8FDC-42A3-9474-1A3956D46DE8}") = "Skyline DataMiner", "Skyline DataMiner", "{33543EBB-14F0-4803-A546-EEA456B46DA8}"
	ProjectSection(SolutionItems) = preProject
		CompanionFiles\Skyline DataMiner\AboutThisFolder.md = CompanionFiles\Skyline DataMiner\AboutThisFolder.md
	EndProjectSection
EndProject
Project("{2150E333-8FDC-42A3-9474-1A3956D46DE8}") = "Documentation", "Documentation", "{F833A523-AF52-42CE-B3C6-D12DB2717DE2}"
	ProjectSection(SolutionItems) = preProject
		Documentation\ABOUT.md = Documentation\ABOUT.md
		README.md = README.md
	EndProjectSection
EndProject
Project("{2150E333-8FDC-42A3-9474-1A3956D46DE8}") = "Tests", "Tests", "{F8938D60-51A0-4880-9CFC-19C66379BB5D}"
EndProject
Project("{2150E333-8FDC-42A3-9474-1A3956D46DE8}") = "Code Analysis", "Code Analysis", "{8957B60C-ADB6-4403-A084-17E0CFD562E6}"
	ProjectSection(SolutionItems) = preProject
		Internal\Code Analysis\qaction-debug.ruleset = Internal\Code Analysis\qaction-debug.ruleset
		Internal\Code Analysis\qaction-release.ruleset = Internal\Code Analysis\qaction-release.ruleset
		Internal\Code Analysis\stylecop.json = Internal\Code Analysis\stylecop.json
	EndProjectSection
EndProject
Project("{2150E333-8FDC-42A3-9474-1A3956D46DE8}") = "ExampleScript", "ExampleScript", "{00DF6BDD-CA67-4121-9E2F-D8B603D0EFF1}"
	ProjectSection(SolutionItems) = preProject
		ExampleScript.xml = ExampleScript.xml
	EndProjectSection
EndProject
Project("{2150E333-8FDC-42A3-9474-1A3956D46DE8}") = "Actions", "Actions", "{E07EF2FF-3E6C-4B0D-9328-7F64E870CFC1}"
EndProject
Global
	GlobalSection(SolutionProperties) = preSolution
		HideSolutionNode = FALSE
	EndGlobalSection
	GlobalSection(NestedProjects) = preSolution
		{33543EBB-14F0-4803-A546-EEA456B46DA8} = {E69AD7D5-DF80-4557-8C28-68967F201725}
		{8957B60C-ADB6-4403-A084-17E0CFD562E6} = {B2451F0D-3120-4FA3-A560-8761694C9812}
		{00DF6BDD-CA67-4121-9E2F-D8B603D0EFF1} = {AA2F31CF-5E42-4089-A612-52C1602018E5}
		{E07EF2FF-3E6C-4B0D-9328-7F64E870CFC1} = {00DF6BDD-CA67-4121-9E2F-D8B603D0EFF1}
	EndGlobalSection
	GlobalSection(ExtensibilityGlobals) = postSolution
		SolutionGuid = {C631BE85-7097-4C58-99F2-E64BF63CDE3C}
	EndGlobalSection
EndGlobal
