
Microsoft Visual Studio Solution File, Format Version 12.00
# Visual Studio Version 17
VisualStudioVersion = 17.10.35013.160
MinimumVisualStudioVersion = 10.0.40219.1
Project("{2150E333-8FDC-42A3-9474-1A3956D46DE8}") = "Internal", "Internal", "{80B4E5D7-593C-429C-81C1-E2BF840F2A7D}"
EndProject
Project("{2150E333-8FDC-42A3-9474-1A3956D46DE8}") = "Scripts", "Scripts", "{B030CEC4-8FC4-4A02-9FB0-6ECB9D5B0E37}"
EndProject
Project("{2150E333-8FDC-42A3-9474-1A3956D46DE8}") = "Dlls", "Dlls", "{81657DB5-A2CA-4CF2-B08E-E5CC18B93795}"
	ProjectSection(SolutionItems) = preProject
		Dlls\readme.txt = Dlls\readme.txt
	EndProjectSection
EndProject
Project("{2150E333-8FDC-42A3-9474-1A3956D46DE8}") = "Documentation", "Documentation", "{AB6F1912-A496-469C-BDCE-9D95E345CE08}"
	ProjectSection(SolutionItems) = preProject
		Documentation\readme.txt = Documentation\readme.txt
	EndProjectSection
EndProject
Project("{2150E333-8FDC-42A3-9474-1A3956D46DE8}") = "Code Analysis", "Code Analysis", "{058AD66F-88D7-4ECF-9CA8-73D8EA8A8B9F}"
EndProject
Project("{2150E333-8FDC-42A3-9474-1A3956D46DE8}") = "Script", "Script", "{F5DEE860-35D4-482D-88EB-C27398382EEE}"
	ProjectSection(SolutionItems) = preProject
		Script.xml = Script.xml
	EndProjectSection
EndProject
Project("{2150E333-8FDC-42A3-9474-1A3956D46DE8}") = "Actions", "Actions", "{F5C82220-098F-4475-8470-FFA41E5D97D8}"
EndProject
Project("{FAE04EC0-301F-11D3-BF4B-00C04F79EFBC}") = "Script_1", "Script_1\Script_1.csproj", "{1D773D88-887A-4F24-84C8-D8F01845D295}"
EndProject
Global
	GlobalSection(SolutionConfigurationPlatforms) = preSolution
		Debug|Any CPU = Debug|Any CPU
		Release|Any CPU = Release|Any CPU
	EndGlobalSection
	GlobalSection(ProjectConfigurationPlatforms) = postSolution
		{1D773D88-887A-4F24-84C8-D8F01845D295}.Debug|Any CPU.ActiveCfg = Debug|Any CPU
		{1D773D88-887A-4F24-84C8-D8F01845D295}.Debug|Any CPU.Build.0 = Debug|Any CPU
		{1D773D88-887A-4F24-84C8-D8F01845D295}.Release|Any CPU.ActiveCfg = Release|Any CPU
		{1D773D88-887A-4F24-84C8-D8F01845D295}.Release|Any CPU.Build.0 = Release|Any CPU
	EndGlobalSection
	GlobalSection(SolutionProperties) = preSolution
		HideSolutionNode = FALSE
	EndGlobalSection
	GlobalSection(NestedProjects) = preSolution
		{058AD66F-88D7-4ECF-9CA8-73D8EA8A8B9F} = {80B4E5D7-593C-429C-81C1-E2BF840F2A7D}
		{F5DEE860-35D4-482D-88EB-C27398382EEE} = {B030CEC4-8FC4-4A02-9FB0-6ECB9D5B0E37}
		{F5C82220-098F-4475-8470-FFA41E5D97D8} = {F5DEE860-35D4-482D-88EB-C27398382EEE}
		{1D773D88-887A-4F24-84C8-D8F01845D295} = {F5C82220-098F-4475-8470-FFA41E5D97D8}
	EndGlobalSection
	GlobalSection(ExtensibilityGlobals) = postSolution
		SolutionGuid = {021C35CD-D3B6-4A33-868C-887F28A93A2B}
	EndGlobalSection
EndGlobal
